
Microsoft Visual Studio Solution File, Format Version 12.00
# Visual Studio Version 17
VisualStudioVersion = 17.4.33205.214
MinimumVisualStudioVersion = 10.0.40219.1
Project("{9A19103F-16F7-4668-BE54-9A1E7A4F7556}") = "NetCoreClient", "NetCoreClient\NetCoreClient.csproj", "{CBFACDF1-993E-43D3-86AE-27DE508197B2}"
EndProject
Project("{9A19103F-16F7-4668-BE54-9A1E7A4F7556}") = "NetCoreServer", "NetCoreServer\NetCoreServer.csproj", "{03CF26D1-1C51-48E8-838A-C63F07F89700}"
EndProject
Project("{9A19103F-16F7-4668-BE54-9A1E7A4F7556}") = "NetFrameworkClient", "NetFrameworkClient\NetFrameworkClient.csproj", "{35BC363B-924E-41A9-9B1C-40C0D53EDD5C}"
EndProject
Project("{9A19103F-16F7-4668-BE54-9A1E7A4F7556}") = "NetFrameworkServer", "NetFrameworkServer\NetFrameworkServer.csproj", "{059B16B5-88B7-462E-A5DF-1FAFDE869D9D}"
EndProject
Global
	GlobalSection(SolutionConfigurationPlatforms) = preSolution
		Debug|Any CPU = Debug|Any CPU
		Release|Any CPU = Release|Any CPU
	EndGlobalSection
	GlobalSection(ProjectConfigurationPlatforms) = postSolution
		{CBFACDF1-993E-43D3-86AE-27DE508197B2}.Debug|Any CPU.ActiveCfg = Debug|Any CPU
		{CBFACDF1-993E-43D3-86AE-27DE508197B2}.Debug|Any CPU.Build.0 = Debug|Any CPU
		{CBFACDF1-993E-43D3-86AE-27DE508197B2}.Release|Any CPU.ActiveCfg = Release|Any CPU
		{CBFACDF1-993E-43D3-86AE-27DE508197B2}.Release|Any CPU.Build.0 = Release|Any CPU
		{03CF26D1-1C51-48E8-838A-C63F07F89700}.Debug|Any CPU.ActiveCfg = Debug|Any CPU
		{03CF26D1-1C51-48E8-838A-C63F07F89700}.Debug|Any CPU.Build.0 = Debug|Any CPU
		{03CF26D1-1C51-48E8-838A-C63F07F89700}.Release|Any CPU.ActiveCfg = Release|Any CPU
		{03CF26D1-1C51-48E8-838A-C63F07F89700}.Release|Any CPU.Build.0 = Release|Any CPU
		{35BC363B-924E-41A9-9B1C-40C0D53EDD5C}.Debug|Any CPU.ActiveCfg = Debug|Any CPU
		{35BC363B-924E-41A9-9B1C-40C0D53EDD5C}.Debug|Any CPU.Build.0 = Debug|Any CPU
		{35BC363B-924E-41A9-9B1C-40C0D53EDD5C}.Release|Any CPU.ActiveCfg = Release|Any CPU
		{35BC363B-924E-41A9-9B1C-40C0D53EDD5C}.Release|Any CPU.Build.0 = Release|Any CPU
		{059B16B5-88B7-462E-A5DF-1FAFDE869D9D}.Debug|Any CPU.ActiveCfg = Debug|Any CPU
		{059B16B5-88B7-462E-A5DF-1FAFDE869D9D}.Debug|Any CPU.Build.0 = Debug|Any CPU
		{059B16B5-88B7-462E-A5DF-1FAFDE869D9D}.Release|Any CPU.ActiveCfg = Release|Any CPU
		{059B16B5-88B7-462E-A5DF-1FAFDE869D9D}.Release|Any CPU.Build.0 = Release|Any CPU
	EndGlobalSection
	GlobalSection(SolutionProperties) = preSolution
		HideSolutionNode = FALSE
	EndGlobalSection
	GlobalSection(ExtensibilityGlobals) = postSolution
		SolutionGuid = {340CA8C4-1AEA-49FA-8E9B-078F95282CC4}
	EndGlobalSection
EndGlobal
